// !$*UTF8*$!
{
	archiveVersion = 1;
	classes = {
	};
	objectVersion = 50;
	objects = {

/* Begin PBXBuildFile section */
		4F02564D223CB20800E0EF88 /* SetIntroducationController.swift in Sources */ = {isa = PBXBuildFile; fileRef = 4F02564C223CB20800E0EF88 /* SetIntroducationController.swift */; };
		4F02564F223D411800E0EF88 /* AvatarController.swift in Sources */ = {isa = PBXBuildFile; fileRef = 4F02564E223D411800E0EF88 /* AvatarController.swift */; };
		4F05E6192236427300EC43D5 /* EventDetailController.swift in Sources */ = {isa = PBXBuildFile; fileRef = 4F05E6182236427300EC43D5 /* EventDetailController.swift */; };
		4F05E61C22366BB300EC43D5 /* DetailGroupCell.swift in Sources */ = {isa = PBXBuildFile; fileRef = 4F05E61A22366BB300EC43D5 /* DetailGroupCell.swift */; };
		4F05E61D22366BB300EC43D5 /* DetailGroupCell.xib in Resources */ = {isa = PBXBuildFile; fileRef = 4F05E61B22366BB300EC43D5 /* DetailGroupCell.xib */; };
		4F05E62022366BE500EC43D5 /* DetailClauseCell.swift in Sources */ = {isa = PBXBuildFile; fileRef = 4F05E61E22366BE500EC43D5 /* DetailClauseCell.swift */; };
		4F05E62122366BE500EC43D5 /* DetailClauseCell.xib in Resources */ = {isa = PBXBuildFile; fileRef = 4F05E61F22366BE500EC43D5 /* DetailClauseCell.xib */; };
		4F05E6232236731000EC43D5 /* Event.swift in Sources */ = {isa = PBXBuildFile; fileRef = 4F05E6222236731000EC43D5 /* Event.swift */; };
		4F05E6272236762A00EC43D5 /* DetailEventCell.swift in Sources */ = {isa = PBXBuildFile; fileRef = 4F05E6262236762A00EC43D5 /* DetailEventCell.swift */; };
		4F05E62922377E9000EC43D5 /* ScheduleDetailController.swift in Sources */ = {isa = PBXBuildFile; fileRef = 4F05E62822377E9000EC43D5 /* ScheduleDetailController.swift */; };
		4F05E62B2237808300EC43D5 /* ScheduleEvent.swift in Sources */ = {isa = PBXBuildFile; fileRef = 4F05E62A2237808300EC43D5 /* ScheduleEvent.swift */; };
		4F05E62D22378C6A00EC43D5 /* SetNameController.swift in Sources */ = {isa = PBXBuildFile; fileRef = 4F05E62C22378C6A00EC43D5 /* SetNameController.swift */; };
		4F05E62F2237972B00EC43D5 /* SetGenderController.swift in Sources */ = {isa = PBXBuildFile; fileRef = 4F05E62E2237972B00EC43D5 /* SetGenderController.swift */; };
		4F25D19C21F4A36E004E7DB4 /* AppDelegate.swift in Sources */ = {isa = PBXBuildFile; fileRef = 4F25D19B21F4A36E004E7DB4 /* AppDelegate.swift */; };
		4F25D1A121F4A36E004E7DB4 /* Main.storyboard in Resources */ = {isa = PBXBuildFile; fileRef = 4F25D19F21F4A36E004E7DB4 /* Main.storyboard */; };
		4F25D1A321F4A370004E7DB4 /* Assets.xcassets in Resources */ = {isa = PBXBuildFile; fileRef = 4F25D1A221F4A370004E7DB4 /* Assets.xcassets */; };
		4F25D1A621F4A370004E7DB4 /* LaunchScreen.storyboard in Resources */ = {isa = PBXBuildFile; fileRef = 4F25D1A421F4A370004E7DB4 /* LaunchScreen.storyboard */; };
		4F25D1B421F4B77F004E7DB4 /* PersonController.swift in Sources */ = {isa = PBXBuildFile; fileRef = 4F25D1B321F4B77F004E7DB4 /* PersonController.swift */; };
		4F25D1B621F4C9B3004E7DB4 /* TabBarController.swift in Sources */ = {isa = PBXBuildFile; fileRef = 4F25D1B521F4C9B3004E7DB4 /* TabBarController.swift */; };
		4F5CAF582225199400E7A723 /* ScheduleController.swift in Sources */ = {isa = PBXBuildFile; fileRef = 4F5CAF572225199400E7A723 /* ScheduleController.swift */; };
		4F5CAF5A222553D200E7A723 /* EventCell.swift in Sources */ = {isa = PBXBuildFile; fileRef = 4F5CAF59222553D200E7A723 /* EventCell.swift */; };
		4F7212F2223F6527004A6B9C /* MyPublishController.swift in Sources */ = {isa = PBXBuildFile; fileRef = 4F7212F1223F6527004A6B9C /* MyPublishController.swift */; };
		4F7212F4223F94DD004A6B9C /* EndedEventCell.swift in Sources */ = {isa = PBXBuildFile; fileRef = 4F7212F3223F94DD004A6B9C /* EndedEventCell.swift */; };
		4F7212F7223FC74C004A6B9C /* EndedClauseCell.swift in Sources */ = {isa = PBXBuildFile; fileRef = 4F7212F5223FC74C004A6B9C /* EndedClauseCell.swift */; };
		4F7212F8223FC74C004A6B9C /* EndedClauseCell.xib in Resources */ = {isa = PBXBuildFile; fileRef = 4F7212F6223FC74C004A6B9C /* EndedClauseCell.xib */; };
		4F7212FA223FC830004A6B9C /* UpcomingEventDetailController.swift in Sources */ = {isa = PBXBuildFile; fileRef = 4F7212F9223FC830004A6B9C /* UpcomingEventDetailController.swift */; };
		4F7212FC223FC8A9004A6B9C /* EndedEventDetailController.swift in Sources */ = {isa = PBXBuildFile; fileRef = 4F7212FB223FC8A9004A6B9C /* EndedEventDetailController.swift */; };
		4F7212FE224080AF004A6B9C /* Message.swift in Sources */ = {isa = PBXBuildFile; fileRef = 4F7212FD224080AF004A6B9C /* Message.swift */; };
		4F72130022408CF0004A6B9C /* MessageDetailController.swift in Sources */ = {isa = PBXBuildFile; fileRef = 4F7212FF22408CF0004A6B9C /* MessageDetailController.swift */; };
		4F74AE37222E3B6B00D92C90 /* AddLocalEventController.swift in Sources */ = {isa = PBXBuildFile; fileRef = 4F74AE36222E3B6B00D92C90 /* AddLocalEventController.swift */; };
		4F74AE3E222EC0A000D92C90 /* ClauseCell.swift in Sources */ = {isa = PBXBuildFile; fileRef = 4F74AE3C222EC0A000D92C90 /* ClauseCell.swift */; };
		4F74AE3F222EC0A000D92C90 /* ClauseCell.xib in Resources */ = {isa = PBXBuildFile; fileRef = 4F74AE3D222EC0A000D92C90 /* ClauseCell.xib */; };
		4FAD16DE2231350E00D3C953 /* AddGlobalEventController.swift in Sources */ = {isa = PBXBuildFile; fileRef = 4FAD16DD2231350E00D3C953 /* AddGlobalEventController.swift */; };
		4FAD16E62232290B00D3C953 /* MyGroupCell.swift in Sources */ = {isa = PBXBuildFile; fileRef = 4FAD16E52232290B00D3C953 /* MyGroupCell.swift */; };
		4FAD16E82232441F00D3C953 /* ChooseGroupController.swift in Sources */ = {isa = PBXBuildFile; fileRef = 4FAD16E72232441F00D3C953 /* ChooseGroupController.swift */; };
		4FAD16EA22324B6300D3C953 /* SelectGroupCell.swift in Sources */ = {isa = PBXBuildFile; fileRef = 4FAD16E922324B6300D3C953 /* SelectGroupCell.swift */; };
		4FAD16EE22329C4D00D3C953 /* ChosenGroupController.swift in Sources */ = {isa = PBXBuildFile; fileRef = 4FAD16ED22329C4D00D3C953 /* ChosenGroupController.swift */; };
		4FAD16F022329F2100D3C953 /* SelectedGroupCell.swift in Sources */ = {isa = PBXBuildFile; fileRef = 4FAD16EF22329F2100D3C953 /* SelectedGroupCell.swift */; };
		4FB506CD22334A2A003A780D /* DiscoverController.swift in Sources */ = {isa = PBXBuildFile; fileRef = 4FB506CC22334A2A003A780D /* DiscoverController.swift */; };
		4FB506D622349611003A780D /* LocalDiscoverController.swift in Sources */ = {isa = PBXBuildFile; fileRef = 4FB506D522349611003A780D /* LocalDiscoverController.swift */; };
		4FB506D822349649003A780D /* GlobalDiscoverController.swift in Sources */ = {isa = PBXBuildFile; fileRef = 4FB506D722349649003A780D /* GlobalDiscoverController.swift */; };
		4FB50DAC21F82B4E007D88ED /* SettingsController.swift in Sources */ = {isa = PBXBuildFile; fileRef = 4FB50DAB21F82B4E007D88ED /* SettingsController.swift */; };
		4FB50DAE21F87CFD007D88ED /* EditInfoController.swift in Sources */ = {isa = PBXBuildFile; fileRef = 4FB50DAD21F87CFD007D88ED /* EditInfoController.swift */; };
		4FB50DB021F89EAF007D88ED /* MessageController.swift in Sources */ = {isa = PBXBuildFile; fileRef = 4FB50DAF21F89EAF007D88ED /* MessageController.swift */; };
		4FB50DB221F89FD9007D88ED /* MessageSubtitleCell.swift in Sources */ = {isa = PBXBuildFile; fileRef = 4FB50DB121F89FD9007D88ED /* MessageSubtitleCell.swift */; };
		4FB7DD9421F5F6740070CC8B /* NavigationHelper.swift in Sources */ = {isa = PBXBuildFile; fileRef = 4FB7DD9321F5F6740070CC8B /* NavigationHelper.swift */; };
		4FB7DD9721F6A5130070CC8B /* GroupController.swift in Sources */ = {isa = PBXBuildFile; fileRef = 4FB7DD9621F6A5130070CC8B /* GroupController.swift */; };
		4FB7DDA121F6CD720070CC8B /* GroupBasicCell.swift in Sources */ = {isa = PBXBuildFile; fileRef = 4FB7DDA021F6CD720070CC8B /* GroupBasicCell.swift */; };
		4FB7DDA321F6CE250070CC8B /* GroupSubtitleCell.swift in Sources */ = {isa = PBXBuildFile; fileRef = 4FB7DDA221F6CE250070CC8B /* GroupSubtitleCell.swift */; };
		4FBC85FE224481F400949405 /* SetGroupNameController.swift in Sources */ = {isa = PBXBuildFile; fileRef = 4FBC85FD224481F400949405 /* SetGroupNameController.swift */; };
		4FBC8600224482B400949405 /* GroupDetailController.swift in Sources */ = {isa = PBXBuildFile; fileRef = 4FBC85FF224482B400949405 /* GroupDetailController.swift */; };
		4FBC86032244861000949405 /* GroupMemberCell.swift in Sources */ = {isa = PBXBuildFile; fileRef = 4FBC86012244861000949405 /* GroupMemberCell.swift */; };
		4FBC86042244861000949405 /* GroupMemberCell.xib in Resources */ = {isa = PBXBuildFile; fileRef = 4FBC86022244861000949405 /* GroupMemberCell.xib */; };
		4FBC860A2244C40700949405 /* MemberDetailController.swift in Sources */ = {isa = PBXBuildFile; fileRef = 4FBC86092244C40700949405 /* MemberDetailController.swift */; };
		4FBC860C2245298400949405 /* MyGroupDetailController.swift in Sources */ = {isa = PBXBuildFile; fileRef = 4FBC860B2245298400949405 /* MyGroupDetailController.swift */; };
		4FBC86102245D49200949405 /* InvitationController.swift in Sources */ = {isa = PBXBuildFile; fileRef = 4FBC860F2245D49200949405 /* InvitationController.swift */; };
		4FBC86122245D4D400949405 /* Group.swift in Sources */ = {isa = PBXBuildFile; fileRef = 4FBC86112245D4D400949405 /* Group.swift */; };
		4FBC86142246063B00949405 /* InvitationDetailController.swift in Sources */ = {isa = PBXBuildFile; fileRef = 4FBC86132246063B00949405 /* InvitationDetailController.swift */; };
		4FBC86162246111A00949405 /* InviteMemberController.swift in Sources */ = {isa = PBXBuildFile; fileRef = 4FBC86152246111A00949405 /* InviteMemberController.swift */; };
		4FBC861822465B3300949405 /* SendMessageController.swift in Sources */ = {isa = PBXBuildFile; fileRef = 4FBC861722465B3300949405 /* SendMessageController.swift */; };
		4FBC861A224758AC00949405 /* NewGroupController.swift in Sources */ = {isa = PBXBuildFile; fileRef = 4FBC8619224758AC00949405 /* NewGroupController.swift */; };
		4FBC861C22476FE600949405 /* GroupInfoController.swift in Sources */ = {isa = PBXBuildFile; fileRef = 4FBC861B22476FE600949405 /* GroupInfoController.swift */; };
		4FCB547021F56ECA00D5FAFB /* UIViewLayerHelper.swift in Sources */ = {isa = PBXBuildFile; fileRef = 4FCB546F21F56ECA00D5FAFB /* UIViewLayerHelper.swift */; };
		4FEB78922220042F00B24099 /* AboutController.swift in Sources */ = {isa = PBXBuildFile; fileRef = 4FEB78912220042F00B24099 /* AboutController.swift */; };
		4FEB7895222024CC00B24099 /* LoginController.swift in Sources */ = {isa = PBXBuildFile; fileRef = 4FEB7894222024CC00B24099 /* LoginController.swift */; };
		4FEB7897222111FE00B24099 /* RegisterController.swift in Sources */ = {isa = PBXBuildFile; fileRef = 4FEB7896222111FE00B24099 /* RegisterController.swift */; };
		4FEB789922226E2100B24099 /* ResetPasswordController.swift in Sources */ = {isa = PBXBuildFile; fileRef = 4FEB789822226E2100B24099 /* ResetPasswordController.swift */; };
		A9257638B1D701B4FAC4A79E /* Pods_easyBook.framework in Frameworks */ = {isa = PBXBuildFile; fileRef = B61054DE0722DB96C06B55B5 /* Pods_easyBook.framework */; };
/* End PBXBuildFile section */

/* Begin PBXFileReference section */
		2AD79F6977566D102C2CC0DF /* Pods-easyBook.debug.xcconfig */ = {isa = PBXFileReference; includeInIndex = 1; lastKnownFileType = text.xcconfig; name = "Pods-easyBook.debug.xcconfig"; path = "Pods/Target Support Files/Pods-easyBook/Pods-easyBook.debug.xcconfig"; sourceTree = "<group>"; };
		4F02564C223CB20800E0EF88 /* SetIntroducationController.swift */ = {isa = PBXFileReference; lastKnownFileType = sourcecode.swift; path = SetIntroducationController.swift; sourceTree = "<group>"; };
		4F02564E223D411800E0EF88 /* AvatarController.swift */ = {isa = PBXFileReference; lastKnownFileType = sourcecode.swift; path = AvatarController.swift; sourceTree = "<group>"; };
		4F05E6182236427300EC43D5 /* EventDetailController.swift */ = {isa = PBXFileReference; lastKnownFileType = sourcecode.swift; path = EventDetailController.swift; sourceTree = "<group>"; };
		4F05E61A22366BB300EC43D5 /* DetailGroupCell.swift */ = {isa = PBXFileReference; lastKnownFileType = sourcecode.swift; path = DetailGroupCell.swift; sourceTree = "<group>"; };
		4F05E61B22366BB300EC43D5 /* DetailGroupCell.xib */ = {isa = PBXFileReference; lastKnownFileType = file.xib; path = DetailGroupCell.xib; sourceTree = "<group>"; };
		4F05E61E22366BE500EC43D5 /* DetailClauseCell.swift */ = {isa = PBXFileReference; lastKnownFileType = sourcecode.swift; path = DetailClauseCell.swift; sourceTree = "<group>"; };
		4F05E61F22366BE500EC43D5 /* DetailClauseCell.xib */ = {isa = PBXFileReference; lastKnownFileType = file.xib; path = DetailClauseCell.xib; sourceTree = "<group>"; };
		4F05E6222236731000EC43D5 /* Event.swift */ = {isa = PBXFileReference; lastKnownFileType = sourcecode.swift; path = Event.swift; sourceTree = "<group>"; };
		4F05E6262236762A00EC43D5 /* DetailEventCell.swift */ = {isa = PBXFileReference; lastKnownFileType = sourcecode.swift; path = DetailEventCell.swift; sourceTree = "<group>"; };
		4F05E62822377E9000EC43D5 /* ScheduleDetailController.swift */ = {isa = PBXFileReference; lastKnownFileType = sourcecode.swift; path = ScheduleDetailController.swift; sourceTree = "<group>"; };
		4F05E62A2237808300EC43D5 /* ScheduleEvent.swift */ = {isa = PBXFileReference; lastKnownFileType = sourcecode.swift; path = ScheduleEvent.swift; sourceTree = "<group>"; };
		4F05E62C22378C6A00EC43D5 /* SetNameController.swift */ = {isa = PBXFileReference; lastKnownFileType = sourcecode.swift; path = SetNameController.swift; sourceTree = "<group>"; };
		4F05E62E2237972B00EC43D5 /* SetGenderController.swift */ = {isa = PBXFileReference; lastKnownFileType = sourcecode.swift; path = SetGenderController.swift; sourceTree = "<group>"; };
		4F25D19821F4A36E004E7DB4 /* easyBook.app */ = {isa = PBXFileReference; explicitFileType = wrapper.application; includeInIndex = 0; path = easyBook.app; sourceTree = BUILT_PRODUCTS_DIR; };
		4F25D19B21F4A36E004E7DB4 /* AppDelegate.swift */ = {isa = PBXFileReference; lastKnownFileType = sourcecode.swift; path = AppDelegate.swift; sourceTree = "<group>"; };
		4F25D1A021F4A36E004E7DB4 /* Base */ = {isa = PBXFileReference; lastKnownFileType = file.storyboard; name = Base; path = Base.lproj/Main.storyboard; sourceTree = "<group>"; };
		4F25D1A221F4A370004E7DB4 /* Assets.xcassets */ = {isa = PBXFileReference; lastKnownFileType = folder.assetcatalog; path = Assets.xcassets; sourceTree = "<group>"; };
		4F25D1A521F4A370004E7DB4 /* Base */ = {isa = PBXFileReference; lastKnownFileType = file.storyboard; name = Base; path = Base.lproj/LaunchScreen.storyboard; sourceTree = "<group>"; };
		4F25D1A721F4A370004E7DB4 /* Info.plist */ = {isa = PBXFileReference; lastKnownFileType = text.plist.xml; path = Info.plist; sourceTree = "<group>"; };
		4F25D1B321F4B77F004E7DB4 /* PersonController.swift */ = {isa = PBXFileReference; lastKnownFileType = sourcecode.swift; path = PersonController.swift; sourceTree = "<group>"; };
		4F25D1B521F4C9B3004E7DB4 /* TabBarController.swift */ = {isa = PBXFileReference; lastKnownFileType = sourcecode.swift; path = TabBarController.swift; sourceTree = "<group>"; };
		4F5CAF542224E75900E7A723 /* easyBook-Bridging-Header.h */ = {isa = PBXFileReference; lastKnownFileType = sourcecode.c.h; path = "easyBook-Bridging-Header.h"; sourceTree = "<group>"; };
		4F5CAF572225199400E7A723 /* ScheduleController.swift */ = {isa = PBXFileReference; lastKnownFileType = sourcecode.swift; path = ScheduleController.swift; sourceTree = "<group>"; };
		4F5CAF59222553D200E7A723 /* EventCell.swift */ = {isa = PBXFileReference; lastKnownFileType = sourcecode.swift; path = EventCell.swift; sourceTree = "<group>"; };
		4F7212F1223F6527004A6B9C /* MyPublishController.swift */ = {isa = PBXFileReference; lastKnownFileType = sourcecode.swift; path = MyPublishController.swift; sourceTree = "<group>"; };
		4F7212F3223F94DD004A6B9C /* EndedEventCell.swift */ = {isa = PBXFileReference; lastKnownFileType = sourcecode.swift; path = EndedEventCell.swift; sourceTree = "<group>"; };
		4F7212F5223FC74C004A6B9C /* EndedClauseCell.swift */ = {isa = PBXFileReference; lastKnownFileType = sourcecode.swift; path = EndedClauseCell.swift; sourceTree = "<group>"; };
		4F7212F6223FC74C004A6B9C /* EndedClauseCell.xib */ = {isa = PBXFileReference; lastKnownFileType = file.xib; path = EndedClauseCell.xib; sourceTree = "<group>"; };
		4F7212F9223FC830004A6B9C /* UpcomingEventDetailController.swift */ = {isa = PBXFileReference; lastKnownFileType = sourcecode.swift; path = UpcomingEventDetailController.swift; sourceTree = "<group>"; };
		4F7212FB223FC8A9004A6B9C /* EndedEventDetailController.swift */ = {isa = PBXFileReference; lastKnownFileType = sourcecode.swift; path = EndedEventDetailController.swift; sourceTree = "<group>"; };
		4F7212FD224080AF004A6B9C /* Message.swift */ = {isa = PBXFileReference; lastKnownFileType = sourcecode.swift; path = Message.swift; sourceTree = "<group>"; };
		4F7212FF22408CF0004A6B9C /* MessageDetailController.swift */ = {isa = PBXFileReference; lastKnownFileType = sourcecode.swift; path = MessageDetailController.swift; sourceTree = "<group>"; };
		4F74AE36222E3B6B00D92C90 /* AddLocalEventController.swift */ = {isa = PBXFileReference; lastKnownFileType = sourcecode.swift; path = AddLocalEventController.swift; sourceTree = "<group>"; };
		4F74AE3C222EC0A000D92C90 /* ClauseCell.swift */ = {isa = PBXFileReference; lastKnownFileType = sourcecode.swift; path = ClauseCell.swift; sourceTree = "<group>"; };
		4F74AE3D222EC0A000D92C90 /* ClauseCell.xib */ = {isa = PBXFileReference; lastKnownFileType = file.xib; path = ClauseCell.xib; sourceTree = "<group>"; };
		4FAD16DD2231350E00D3C953 /* AddGlobalEventController.swift */ = {isa = PBXFileReference; lastKnownFileType = sourcecode.swift; path = AddGlobalEventController.swift; sourceTree = "<group>"; };
		4FAD16E52232290B00D3C953 /* MyGroupCell.swift */ = {isa = PBXFileReference; lastKnownFileType = sourcecode.swift; path = MyGroupCell.swift; sourceTree = "<group>"; };
		4FAD16E72232441F00D3C953 /* ChooseGroupController.swift */ = {isa = PBXFileReference; lastKnownFileType = sourcecode.swift; path = ChooseGroupController.swift; sourceTree = "<group>"; };
		4FAD16E922324B6300D3C953 /* SelectGroupCell.swift */ = {isa = PBXFileReference; lastKnownFileType = sourcecode.swift; path = SelectGroupCell.swift; sourceTree = "<group>"; };
		4FAD16ED22329C4D00D3C953 /* ChosenGroupController.swift */ = {isa = PBXFileReference; lastKnownFileType = sourcecode.swift; path = ChosenGroupController.swift; sourceTree = "<group>"; };
		4FAD16EF22329F2100D3C953 /* SelectedGroupCell.swift */ = {isa = PBXFileReference; lastKnownFileType = sourcecode.swift; path = SelectedGroupCell.swift; sourceTree = "<group>"; };
		4FB506CC22334A2A003A780D /* DiscoverController.swift */ = {isa = PBXFileReference; lastKnownFileType = sourcecode.swift; path = DiscoverController.swift; sourceTree = "<group>"; };
		4FB506D522349611003A780D /* LocalDiscoverController.swift */ = {isa = PBXFileReference; lastKnownFileType = sourcecode.swift; path = LocalDiscoverController.swift; sourceTree = "<group>"; };
		4FB506D722349649003A780D /* GlobalDiscoverController.swift */ = {isa = PBXFileReference; lastKnownFileType = sourcecode.swift; path = GlobalDiscoverController.swift; sourceTree = "<group>"; };
		4FB50DAB21F82B4E007D88ED /* SettingsController.swift */ = {isa = PBXFileReference; lastKnownFileType = sourcecode.swift; path = SettingsController.swift; sourceTree = "<group>"; };
		4FB50DAD21F87CFD007D88ED /* EditInfoController.swift */ = {isa = PBXFileReference; lastKnownFileType = sourcecode.swift; path = EditInfoController.swift; sourceTree = "<group>"; };
		4FB50DAF21F89EAF007D88ED /* MessageController.swift */ = {isa = PBXFileReference; lastKnownFileType = sourcecode.swift; path = MessageController.swift; sourceTree = "<group>"; };
		4FB50DB121F89FD9007D88ED /* MessageSubtitleCell.swift */ = {isa = PBXFileReference; lastKnownFileType = sourcecode.swift; path = MessageSubtitleCell.swift; sourceTree = "<group>"; };
		4FB7DD9321F5F6740070CC8B /* NavigationHelper.swift */ = {isa = PBXFileReference; lastKnownFileType = sourcecode.swift; path = NavigationHelper.swift; sourceTree = "<group>"; };
		4FB7DD9621F6A5130070CC8B /* GroupController.swift */ = {isa = PBXFileReference; lastKnownFileType = sourcecode.swift; path = GroupController.swift; sourceTree = "<group>"; };
		4FB7DDA021F6CD720070CC8B /* GroupBasicCell.swift */ = {isa = PBXFileReference; lastKnownFileType = sourcecode.swift; path = GroupBasicCell.swift; sourceTree = "<group>"; };
		4FB7DDA221F6CE250070CC8B /* GroupSubtitleCell.swift */ = {isa = PBXFileReference; lastKnownFileType = sourcecode.swift; path = GroupSubtitleCell.swift; sourceTree = "<group>"; };
		4FBC85FD224481F400949405 /* SetGroupNameController.swift */ = {isa = PBXFileReference; lastKnownFileType = sourcecode.swift; path = SetGroupNameController.swift; sourceTree = "<group>"; };
		4FBC85FF224482B400949405 /* GroupDetailController.swift */ = {isa = PBXFileReference; lastKnownFileType = sourcecode.swift; path = GroupDetailController.swift; sourceTree = "<group>"; };
		4FBC86012244861000949405 /* GroupMemberCell.swift */ = {isa = PBXFileReference; lastKnownFileType = sourcecode.swift; path = GroupMemberCell.swift; sourceTree = "<group>"; };
		4FBC86022244861000949405 /* GroupMemberCell.xib */ = {isa = PBXFileReference; lastKnownFileType = file.xib; path = GroupMemberCell.xib; sourceTree = "<group>"; };
		4FBC86092244C40700949405 /* MemberDetailController.swift */ = {isa = PBXFileReference; lastKnownFileType = sourcecode.swift; path = MemberDetailController.swift; sourceTree = "<group>"; };
		4FBC860B2245298400949405 /* MyGroupDetailController.swift */ = {isa = PBXFileReference; lastKnownFileType = sourcecode.swift; path = MyGroupDetailController.swift; sourceTree = "<group>"; };
		4FBC860F2245D49200949405 /* InvitationController.swift */ = {isa = PBXFileReference; lastKnownFileType = sourcecode.swift; path = InvitationController.swift; sourceTree = "<group>"; };
		4FBC86112245D4D400949405 /* Group.swift */ = {isa = PBXFileReference; lastKnownFileType = sourcecode.swift; path = Group.swift; sourceTree = "<group>"; };
		4FBC86132246063B00949405 /* InvitationDetailController.swift */ = {isa = PBXFileReference; lastKnownFileType = sourcecode.swift; path = InvitationDetailController.swift; sourceTree = "<group>"; };
		4FBC86152246111A00949405 /* InviteMemberController.swift */ = {isa = PBXFileReference; lastKnownFileType = sourcecode.swift; path = InviteMemberController.swift; sourceTree = "<group>"; };
		4FBC861722465B3300949405 /* SendMessageController.swift */ = {isa = PBXFileReference; lastKnownFileType = sourcecode.swift; path = SendMessageController.swift; sourceTree = "<group>"; };
		4FBC8619224758AC00949405 /* NewGroupController.swift */ = {isa = PBXFileReference; lastKnownFileType = sourcecode.swift; path = NewGroupController.swift; sourceTree = "<group>"; };
		4FBC861B22476FE600949405 /* GroupInfoController.swift */ = {isa = PBXFileReference; lastKnownFileType = sourcecode.swift; path = GroupInfoController.swift; sourceTree = "<group>"; };
		4FCB546F21F56ECA00D5FAFB /* UIViewLayerHelper.swift */ = {isa = PBXFileReference; lastKnownFileType = sourcecode.swift; path = UIViewLayerHelper.swift; sourceTree = "<group>"; };
		4FEB78912220042F00B24099 /* AboutController.swift */ = {isa = PBXFileReference; lastKnownFileType = sourcecode.swift; path = AboutController.swift; sourceTree = "<group>"; };
		4FEB7894222024CC00B24099 /* LoginController.swift */ = {isa = PBXFileReference; lastKnownFileType = sourcecode.swift; path = LoginController.swift; sourceTree = "<group>"; };
		4FEB7896222111FE00B24099 /* RegisterController.swift */ = {isa = PBXFileReference; lastKnownFileType = sourcecode.swift; path = RegisterController.swift; sourceTree = "<group>"; };
		4FEB789822226E2100B24099 /* ResetPasswordController.swift */ = {isa = PBXFileReference; lastKnownFileType = sourcecode.swift; path = ResetPasswordController.swift; sourceTree = "<group>"; };
		B61054DE0722DB96C06B55B5 /* Pods_easyBook.framework */ = {isa = PBXFileReference; explicitFileType = wrapper.framework; includeInIndex = 0; path = Pods_easyBook.framework; sourceTree = BUILT_PRODUCTS_DIR; };
		E932116BF92665CA761B5B29 /* Pods-easyBook.release.xcconfig */ = {isa = PBXFileReference; includeInIndex = 1; lastKnownFileType = text.xcconfig; name = "Pods-easyBook.release.xcconfig"; path = "Pods/Target Support Files/Pods-easyBook/Pods-easyBook.release.xcconfig"; sourceTree = "<group>"; };
/* End PBXFileReference section */

/* Begin PBXFrameworksBuildPhase section */
		4F25D19521F4A36E004E7DB4 /* Frameworks */ = {
			isa = PBXFrameworksBuildPhase;
			buildActionMask = 2147483647;
			files = (
				A9257638B1D701B4FAC4A79E /* Pods_easyBook.framework in Frameworks */,
			);
			runOnlyForDeploymentPostprocessing = 0;
		};
/* End PBXFrameworksBuildPhase section */

/* Begin PBXGroup section */
		13F77FBF27E2E3C8A14F1F7A /* Frameworks */ = {
			isa = PBXGroup;
			children = (
				B61054DE0722DB96C06B55B5 /* Pods_easyBook.framework */,
			);
			name = Frameworks;
			sourceTree = "<group>";
		};
		4F25D18F21F4A36E004E7DB4 = {
			isa = PBXGroup;
			children = (
				4F25D19A21F4A36E004E7DB4 /* easyBook */,
				4F25D19921F4A36E004E7DB4 /* Products */,
				EC5342F4DB2079FE703BA0A2 /* Pods */,
				13F77FBF27E2E3C8A14F1F7A /* Frameworks */,
			);
			sourceTree = "<group>";
		};
		4F25D19921F4A36E004E7DB4 /* Products */ = {
			isa = PBXGroup;
			children = (
				4F25D19821F4A36E004E7DB4 /* easyBook.app */,
			);
			name = Products;
			sourceTree = "<group>";
		};
		4F25D19A21F4A36E004E7DB4 /* easyBook */ = {
			isa = PBXGroup;
			children = (
				4FB506CB22334A03003A780D /* DiscoverPage */,
				4FEB78932220248D00B24099 /* AccountPage */,
				4FB7DD9521F6A4E70070CC8B /* GroupPage */,
				4FCB546E21F56EA300D5FAFB /* Utils */,
				4F25D1B221F4B752004E7DB4 /* PersonPage */,
				4F25D1AD21F4AA99004E7DB4 /* SchedulePage */,
				4F25D19B21F4A36E004E7DB4 /* AppDelegate.swift */,
				4F25D19F21F4A36E004E7DB4 /* Main.storyboard */,
				4F25D1A221F4A370004E7DB4 /* Assets.xcassets */,
				4F25D1A421F4A370004E7DB4 /* LaunchScreen.storyboard */,
				4F25D1A721F4A370004E7DB4 /* Info.plist */,
				4F25D1B521F4C9B3004E7DB4 /* TabBarController.swift */,
				4F5CAF542224E75900E7A723 /* easyBook-Bridging-Header.h */,
			);
			path = easyBook;
			sourceTree = "<group>";
		};
		4F25D1AD21F4AA99004E7DB4 /* SchedulePage */ = {
			isa = PBXGroup;
			children = (
				4F5CAF572225199400E7A723 /* ScheduleController.swift */,
				4F5CAF59222553D200E7A723 /* EventCell.swift */,
				4F74AE36222E3B6B00D92C90 /* AddLocalEventController.swift */,
				4F74AE3C222EC0A000D92C90 /* ClauseCell.swift */,
				4F74AE3D222EC0A000D92C90 /* ClauseCell.xib */,
				4FAD16DD2231350E00D3C953 /* AddGlobalEventController.swift */,
				4FAD16E72232441F00D3C953 /* ChooseGroupController.swift */,
				4FAD16E922324B6300D3C953 /* SelectGroupCell.swift */,
				4FAD16ED22329C4D00D3C953 /* ChosenGroupController.swift */,
				4FAD16EF22329F2100D3C953 /* SelectedGroupCell.swift */,
				4F05E62822377E9000EC43D5 /* ScheduleDetailController.swift */,
				4F05E62A2237808300EC43D5 /* ScheduleEvent.swift */,
				4FBC861B22476FE600949405 /* GroupInfoController.swift */,
			);
			path = SchedulePage;
			sourceTree = "<group>";
		};
		4F25D1B221F4B752004E7DB4 /* PersonPage */ = {
			isa = PBXGroup;
			children = (
				4F25D1B321F4B77F004E7DB4 /* PersonController.swift */,
				4FB50DAB21F82B4E007D88ED /* SettingsController.swift */,
				4FB50DAD21F87CFD007D88ED /* EditInfoController.swift */,
				4FB50DAF21F89EAF007D88ED /* MessageController.swift */,
				4FB50DB121F89FD9007D88ED /* MessageSubtitleCell.swift */,
				4FEB78912220042F00B24099 /* AboutController.swift */,
				4F05E62C22378C6A00EC43D5 /* SetNameController.swift */,
				4F05E62E2237972B00EC43D5 /* SetGenderController.swift */,
				4F02564C223CB20800E0EF88 /* SetIntroducationController.swift */,
				4F02564E223D411800E0EF88 /* AvatarController.swift */,
				4F7212F1223F6527004A6B9C /* MyPublishController.swift */,
				4F7212F3223F94DD004A6B9C /* EndedEventCell.swift */,
				4F7212F5223FC74C004A6B9C /* EndedClauseCell.swift */,
				4F7212F6223FC74C004A6B9C /* EndedClauseCell.xib */,
				4F7212F9223FC830004A6B9C /* UpcomingEventDetailController.swift */,
				4F7212FB223FC8A9004A6B9C /* EndedEventDetailController.swift */,
				4F7212FD224080AF004A6B9C /* Message.swift */,
				4F7212FF22408CF0004A6B9C /* MessageDetailController.swift */,
			);
			path = PersonPage;
			sourceTree = "<group>";
		};
		4FB506CB22334A03003A780D /* DiscoverPage */ = {
			isa = PBXGroup;
			children = (
				4FB506CC22334A2A003A780D /* DiscoverController.swift */,
				4FB506D522349611003A780D /* LocalDiscoverController.swift */,
				4FB506D722349649003A780D /* GlobalDiscoverController.swift */,
				4F05E6182236427300EC43D5 /* EventDetailController.swift */,
				4F05E61A22366BB300EC43D5 /* DetailGroupCell.swift */,
				4F05E61B22366BB300EC43D5 /* DetailGroupCell.xib */,
				4F05E61E22366BE500EC43D5 /* DetailClauseCell.swift */,
				4F05E61F22366BE500EC43D5 /* DetailClauseCell.xib */,
				4F05E6222236731000EC43D5 /* Event.swift */,
				4F05E6262236762A00EC43D5 /* DetailEventCell.swift */,
			);
			path = DiscoverPage;
			sourceTree = "<group>";
		};
		4FB7DD9521F6A4E70070CC8B /* GroupPage */ = {
			isa = PBXGroup;
			children = (
				4FB7DD9621F6A5130070CC8B /* GroupController.swift */,
				4FB7DDA021F6CD720070CC8B /* GroupBasicCell.swift */,
				4FB7DDA221F6CE250070CC8B /* GroupSubtitleCell.swift */,
				4FAD16E52232290B00D3C953 /* MyGroupCell.swift */,
				4FBC85FD224481F400949405 /* SetGroupNameController.swift */,
				4FBC85FF224482B400949405 /* GroupDetailController.swift */,
				4FBC86012244861000949405 /* GroupMemberCell.swift */,
				4FBC86022244861000949405 /* GroupMemberCell.xib */,
				4FBC86092244C40700949405 /* MemberDetailController.swift */,
				4FBC860B2245298400949405 /* MyGroupDetailController.swift */,
				4FBC860F2245D49200949405 /* InvitationController.swift */,
				4FBC86112245D4D400949405 /* Group.swift */,
				4FBC86132246063B00949405 /* InvitationDetailController.swift */,
				4FBC86152246111A00949405 /* InviteMemberController.swift */,
				4FBC861722465B3300949405 /* SendMessageController.swift */,
				4FBC8619224758AC00949405 /* NewGroupController.swift */,
			);
			path = GroupPage;
			sourceTree = "<group>";
		};
		4FCB546E21F56EA300D5FAFB /* Utils */ = {
			isa = PBXGroup;
			children = (
				4FCB546F21F56ECA00D5FAFB /* UIViewLayerHelper.swift */,
				4FB7DD9321F5F6740070CC8B /* NavigationHelper.swift */,
			);
			path = Utils;
			sourceTree = "<group>";
		};
		4FEB78932220248D00B24099 /* AccountPage */ = {
			isa = PBXGroup;
			children = (
				4FEB7894222024CC00B24099 /* LoginController.swift */,
				4FEB7896222111FE00B24099 /* RegisterController.swift */,
				4FEB789822226E2100B24099 /* ResetPasswordController.swift */,
			);
			path = AccountPage;
			sourceTree = "<group>";
		};
		EC5342F4DB2079FE703BA0A2 /* Pods */ = {
			isa = PBXGroup;
			children = (
				2AD79F6977566D102C2CC0DF /* Pods-easyBook.debug.xcconfig */,
				E932116BF92665CA761B5B29 /* Pods-easyBook.release.xcconfig */,
			);
			name = Pods;
			sourceTree = "<group>";
		};
/* End PBXGroup section */

/* Begin PBXNativeTarget section */
		4F25D19721F4A36E004E7DB4 /* easyBook */ = {
			isa = PBXNativeTarget;
			buildConfigurationList = 4F25D1AA21F4A370004E7DB4 /* Build configuration list for PBXNativeTarget "easyBook" */;
			buildPhases = (
				0CA1E5F301488AE063BFCC4E /* [CP] Check Pods Manifest.lock */,
				4F25D19421F4A36E004E7DB4 /* Sources */,
				4F25D19521F4A36E004E7DB4 /* Frameworks */,
				4F25D19621F4A36E004E7DB4 /* Resources */,
				0A6DAFCF593EEFC25641BBB2 /* [CP] Embed Pods Frameworks */,
			);
			buildRules = (
			);
			dependencies = (
			);
			name = easyBook;
			productName = easyBook;
			productReference = 4F25D19821F4A36E004E7DB4 /* easyBook.app */;
			productType = "com.apple.product-type.application";
		};
/* End PBXNativeTarget section */

/* Begin PBXProject section */
		4F25D19021F4A36E004E7DB4 /* Project object */ = {
			isa = PBXProject;
			attributes = {
				LastSwiftUpdateCheck = 1010;
				LastUpgradeCheck = 1010;
				ORGANIZATIONNAME = "Sherley Huang's studio";
				TargetAttributes = {
					4F25D19721F4A36E004E7DB4 = {
						CreatedOnToolsVersion = 10.1;
						LastSwiftMigration = 1010;
					};
				};
			};
			buildConfigurationList = 4F25D19321F4A36E004E7DB4 /* Build configuration list for PBXProject "easyBook" */;
			compatibilityVersion = "Xcode 9.3";
			developmentRegion = en;
			hasScannedForEncodings = 0;
			knownRegions = (
				en,
				Base,
			);
			mainGroup = 4F25D18F21F4A36E004E7DB4;
			productRefGroup = 4F25D19921F4A36E004E7DB4 /* Products */;
			projectDirPath = "";
			projectRoot = "";
			targets = (
				4F25D19721F4A36E004E7DB4 /* easyBook */,
			);
		};
/* End PBXProject section */

/* Begin PBXResourcesBuildPhase section */
		4F25D19621F4A36E004E7DB4 /* Resources */ = {
			isa = PBXResourcesBuildPhase;
			buildActionMask = 2147483647;
			files = (
				4F74AE3F222EC0A000D92C90 /* ClauseCell.xib in Resources */,
				4FBC86042244861000949405 /* GroupMemberCell.xib in Resources */,
				4F25D1A621F4A370004E7DB4 /* LaunchScreen.storyboard in Resources */,
				4F25D1A321F4A370004E7DB4 /* Assets.xcassets in Resources */,
				4F05E62122366BE500EC43D5 /* DetailClauseCell.xib in Resources */,
				4F05E61D22366BB300EC43D5 /* DetailGroupCell.xib in Resources */,
				4F7212F8223FC74C004A6B9C /* EndedClauseCell.xib in Resources */,
				4F25D1A121F4A36E004E7DB4 /* Main.storyboard in Resources */,
			);
			runOnlyForDeploymentPostprocessing = 0;
		};
/* End PBXResourcesBuildPhase section */

/* Begin PBXShellScriptBuildPhase section */
		0A6DAFCF593EEFC25641BBB2 /* [CP] Embed Pods Frameworks */ = {
			isa = PBXShellScriptBuildPhase;
			buildActionMask = 2147483647;
			files = (
			);
			inputFileListPaths = (
			);
			inputPaths = (
				"${SRCROOT}/Pods/Target Support Files/Pods-easyBook/Pods-easyBook-frameworks.sh",
				"${BUILT_PRODUCTS_DIR}/BEMCheckBox/BEMCheckBox.framework",
				"${BUILT_PRODUCTS_DIR}/FSCalendar/FSCalendar.framework",
				"${BUILT_PRODUCTS_DIR}/FTIndicator/FTIndicator.framework",
				"${BUILT_PRODUCTS_DIR}/MJRefresh/MJRefresh.framework",
				"${BUILT_PRODUCTS_DIR}/NewPopMenu/PopMenu.framework",
				"${BUILT_PRODUCTS_DIR}/SwipeMenuViewController/SwipeMenuViewController.framework",
			);
			name = "[CP] Embed Pods Frameworks";
			outputFileListPaths = (
			);
			outputPaths = (
				"${TARGET_BUILD_DIR}/${FRAMEWORKS_FOLDER_PATH}/BEMCheckBox.framework",
				"${TARGET_BUILD_DIR}/${FRAMEWORKS_FOLDER_PATH}/FSCalendar.framework",
				"${TARGET_BUILD_DIR}/${FRAMEWORKS_FOLDER_PATH}/FTIndicator.framework",
				"${TARGET_BUILD_DIR}/${FRAMEWORKS_FOLDER_PATH}/MJRefresh.framework",
				"${TARGET_BUILD_DIR}/${FRAMEWORKS_FOLDER_PATH}/PopMenu.framework",
				"${TARGET_BUILD_DIR}/${FRAMEWORKS_FOLDER_PATH}/SwipeMenuViewController.framework",
			);
			runOnlyForDeploymentPostprocessing = 0;
			shellPath = /bin/sh;
			shellScript = "\"${SRCROOT}/Pods/Target Support Files/Pods-easyBook/Pods-easyBook-frameworks.sh\"\n";
			showEnvVarsInLog = 0;
		};
		0CA1E5F301488AE063BFCC4E /* [CP] Check Pods Manifest.lock */ = {
			isa = PBXShellScriptBuildPhase;
			buildActionMask = 2147483647;
			files = (
			);
			inputFileListPaths = (
			);
			inputPaths = (
				"${PODS_PODFILE_DIR_PATH}/Podfile.lock",
				"${PODS_ROOT}/Manifest.lock",
			);
			name = "[CP] Check Pods Manifest.lock";
			outputFileListPaths = (
			);
			outputPaths = (
				"$(DERIVED_FILE_DIR)/Pods-easyBook-checkManifestLockResult.txt",
			);
			runOnlyForDeploymentPostprocessing = 0;
			shellPath = /bin/sh;
			shellScript = "diff \"${PODS_PODFILE_DIR_PATH}/Podfile.lock\" \"${PODS_ROOT}/Manifest.lock\" > /dev/null\nif [ $? != 0 ] ; then\n    # print error to STDERR\n    echo \"error: The sandbox is not in sync with the Podfile.lock. Run 'pod install' or update your CocoaPods installation.\" >&2\n    exit 1\nfi\n# This output is used by Xcode 'outputs' to avoid re-running this script phase.\necho \"SUCCESS\" > \"${SCRIPT_OUTPUT_FILE_0}\"\n";
			showEnvVarsInLog = 0;
		};
/* End PBXShellScriptBuildPhase section */

/* Begin PBXSourcesBuildPhase section */
		4F25D19421F4A36E004E7DB4 /* Sources */ = {
			isa = PBXSourcesBuildPhase;
			buildActionMask = 2147483647;
			files = (
				4FB7DDA321F6CE250070CC8B /* GroupSubtitleCell.swift in Sources */,
				4F7212FA223FC830004A6B9C /* UpcomingEventDetailController.swift in Sources */,
				4F02564D223CB20800E0EF88 /* SetIntroducationController.swift in Sources */,
				4FBC86142246063B00949405 /* InvitationDetailController.swift in Sources */,
				4F05E6232236731000EC43D5 /* Event.swift in Sources */,
				4F05E62022366BE500EC43D5 /* DetailClauseCell.swift in Sources */,
				4FB7DD9421F5F6740070CC8B /* NavigationHelper.swift in Sources */,
				4FB50DAE21F87CFD007D88ED /* EditInfoController.swift in Sources */,
				4F05E62B2237808300EC43D5 /* ScheduleEvent.swift in Sources */,
				4FAD16E62232290B00D3C953 /* MyGroupCell.swift in Sources */,
				4FBC861A224758AC00949405 /* NewGroupController.swift in Sources */,
				4FBC86162246111A00949405 /* InviteMemberController.swift in Sources */,
				4FBC861C22476FE600949405 /* GroupInfoController.swift in Sources */,
				4FAD16F022329F2100D3C953 /* SelectedGroupCell.swift in Sources */,
				4FB506CD22334A2A003A780D /* DiscoverController.swift in Sources */,
				4F74AE37222E3B6B00D92C90 /* AddLocalEventController.swift in Sources */,
				4FAD16DE2231350E00D3C953 /* AddGlobalEventController.swift in Sources */,
				4FEB7895222024CC00B24099 /* LoginController.swift in Sources */,
				4FB7DD9721F6A5130070CC8B /* GroupController.swift in Sources */,
				4FB506D622349611003A780D /* LocalDiscoverController.swift in Sources */,
				4FAD16E82232441F00D3C953 /* ChooseGroupController.swift in Sources */,
				4FBC860C2245298400949405 /* MyGroupDetailController.swift in Sources */,
				4F7212FE224080AF004A6B9C /* Message.swift in Sources */,
				4FBC86102245D49200949405 /* InvitationController.swift in Sources */,
				4FEB78922220042F00B24099 /* AboutController.swift in Sources */,
				4FAD16EE22329C4D00D3C953 /* ChosenGroupController.swift in Sources */,
				4F25D1B621F4C9B3004E7DB4 /* TabBarController.swift in Sources */,
				4F05E6192236427300EC43D5 /* EventDetailController.swift in Sources */,
				4F25D1B421F4B77F004E7DB4 /* PersonController.swift in Sources */,
				4F5CAF582225199400E7A723 /* ScheduleController.swift in Sources */,
				4F05E62D22378C6A00EC43D5 /* SetNameController.swift in Sources */,
				4F05E61C22366BB300EC43D5 /* DetailGroupCell.swift in Sources */,
				4F05E62F2237972B00EC43D5 /* SetGenderController.swift in Sources */,
				4FB50DB021F89EAF007D88ED /* MessageController.swift in Sources */,
				4F5CAF5A222553D200E7A723 /* EventCell.swift in Sources */,
				4FB50DAC21F82B4E007D88ED /* SettingsController.swift in Sources */,
				4FBC86122245D4D400949405 /* Group.swift in Sources */,
				4FBC8600224482B400949405 /* GroupDetailController.swift in Sources */,
				4F02564F223D411800E0EF88 /* AvatarController.swift in Sources */,
				4FCB547021F56ECA00D5FAFB /* UIViewLayerHelper.swift in Sources */,
				4FBC860A2244C40700949405 /* MemberDetailController.swift in Sources */,
				4FEB7897222111FE00B24099 /* RegisterController.swift in Sources */,
				4F7212F7223FC74C004A6B9C /* EndedClauseCell.swift in Sources */,
				4FB506D822349649003A780D /* GlobalDiscoverController.swift in Sources */,
				4FB7DDA121F6CD720070CC8B /* GroupBasicCell.swift in Sources */,
				4FBC86032244861000949405 /* GroupMemberCell.swift in Sources */,
				4F05E6272236762A00EC43D5 /* DetailEventCell.swift in Sources */,
				4FBC85FE224481F400949405 /* SetGroupNameController.swift in Sources */,
				4F7212FC223FC8A9004A6B9C /* EndedEventDetailController.swift in Sources */,
				4F74AE3E222EC0A000D92C90 /* ClauseCell.swift in Sources */,
				4FEB789922226E2100B24099 /* ResetPasswordController.swift in Sources */,
				4F05E62922377E9000EC43D5 /* ScheduleDetailController.swift in Sources */,
				4FAD16EA22324B6300D3C953 /* SelectGroupCell.swift in Sources */,
				4FBC861822465B3300949405 /* SendMessageController.swift in Sources */,
				4F7212F2223F6527004A6B9C /* MyPublishController.swift in Sources */,
				4F7212F4223F94DD004A6B9C /* EndedEventCell.swift in Sources */,
				4FB50DB221F89FD9007D88ED /* MessageSubtitleCell.swift in Sources */,
				4F72130022408CF0004A6B9C /* MessageDetailController.swift in Sources */,
				4F25D19C21F4A36E004E7DB4 /* AppDelegate.swift in Sources */,
			);
			runOnlyForDeploymentPostprocessing = 0;
		};
/* End PBXSourcesBuildPhase section */

/* Begin PBXVariantGroup section */
		4F25D19F21F4A36E004E7DB4 /* Main.storyboard */ = {
			isa = PBXVariantGroup;
			children = (
				4F25D1A021F4A36E004E7DB4 /* Base */,
			);
			name = Main.storyboard;
			sourceTree = "<group>";
		};
		4F25D1A421F4A370004E7DB4 /* LaunchScreen.storyboard */ = {
			isa = PBXVariantGroup;
			children = (
				4F25D1A521F4A370004E7DB4 /* Base */,
			);
			name = LaunchScreen.storyboard;
			sourceTree = "<group>";
		};
/* End PBXVariantGroup section */

/* Begin XCBuildConfiguration section */
		4F25D1A821F4A370004E7DB4 /* Debug */ = {
			isa = XCBuildConfiguration;
			buildSettings = {
				ALWAYS_SEARCH_USER_PATHS = NO;
				CLANG_ANALYZER_NONNULL = YES;
				CLANG_ANALYZER_NUMBER_OBJECT_CONVERSION = YES_AGGRESSIVE;
				CLANG_CXX_LANGUAGE_STANDARD = "gnu++14";
				CLANG_CXX_LIBRARY = "libc++";
				CLANG_ENABLE_MODULES = YES;
				CLANG_ENABLE_OBJC_ARC = YES;
				CLANG_ENABLE_OBJC_WEAK = YES;
				CLANG_WARN_BLOCK_CAPTURE_AUTORELEASING = YES;
				CLANG_WARN_BOOL_CONVERSION = YES;
				CLANG_WARN_COMMA = YES;
				CLANG_WARN_CONSTANT_CONVERSION = YES;
				CLANG_WARN_DEPRECATED_OBJC_IMPLEMENTATIONS = YES;
				CLANG_WARN_DIRECT_OBJC_ISA_USAGE = YES_ERROR;
				CLANG_WARN_DOCUMENTATION_COMMENTS = YES;
				CLANG_WARN_EMPTY_BODY = YES;
				CLANG_WARN_ENUM_CONVERSION = YES;
				CLANG_WARN_INFINITE_RECURSION = YES;
				CLANG_WARN_INT_CONVERSION = YES;
				CLANG_WARN_NON_LITERAL_NULL_CONVERSION = YES;
				CLANG_WARN_OBJC_IMPLICIT_RETAIN_SELF = YES;
				CLANG_WARN_OBJC_LITERAL_CONVERSION = YES;
				CLANG_WARN_OBJC_ROOT_CLASS = YES_ERROR;
				CLANG_WARN_RANGE_LOOP_ANALYSIS = YES;
				CLANG_WARN_STRICT_PROTOTYPES = YES;
				CLANG_WARN_SUSPICIOUS_MOVE = YES;
				CLANG_WARN_UNGUARDED_AVAILABILITY = YES_AGGRESSIVE;
				CLANG_WARN_UNREACHABLE_CODE = YES;
				CLANG_WARN__DUPLICATE_METHOD_MATCH = YES;
				CODE_SIGN_IDENTITY = "iPhone Developer";
				COPY_PHASE_STRIP = NO;
				DEBUG_INFORMATION_FORMAT = dwarf;
				ENABLE_STRICT_OBJC_MSGSEND = YES;
				ENABLE_TESTABILITY = YES;
				GCC_C_LANGUAGE_STANDARD = gnu11;
				GCC_DYNAMIC_NO_PIC = NO;
				GCC_NO_COMMON_BLOCKS = YES;
				GCC_OPTIMIZATION_LEVEL = 0;
				GCC_PREPROCESSOR_DEFINITIONS = (
					"DEBUG=1",
					"$(inherited)",
				);
				GCC_WARN_64_TO_32_BIT_CONVERSION = YES;
				GCC_WARN_ABOUT_RETURN_TYPE = YES_ERROR;
				GCC_WARN_UNDECLARED_SELECTOR = YES;
				GCC_WARN_UNINITIALIZED_AUTOS = YES_AGGRESSIVE;
				GCC_WARN_UNUSED_FUNCTION = YES;
				GCC_WARN_UNUSED_VARIABLE = YES;
				IPHONEOS_DEPLOYMENT_TARGET = 12.1;
				MTL_ENABLE_DEBUG_INFO = INCLUDE_SOURCE;
				MTL_FAST_MATH = YES;
				ONLY_ACTIVE_ARCH = YES;
				SDKROOT = iphoneos;
				SWIFT_ACTIVE_COMPILATION_CONDITIONS = DEBUG;
				SWIFT_OPTIMIZATION_LEVEL = "-Onone";
			};
			name = Debug;
		};
		4F25D1A921F4A370004E7DB4 /* Release */ = {
			isa = XCBuildConfiguration;
			buildSettings = {
				ALWAYS_SEARCH_USER_PATHS = NO;
				CLANG_ANALYZER_NONNULL = YES;
				CLANG_ANALYZER_NUMBER_OBJECT_CONVERSION = YES_AGGRESSIVE;
				CLANG_CXX_LANGUAGE_STANDARD = "gnu++14";
				CLANG_CXX_LIBRARY = "libc++";
				CLANG_ENABLE_MODULES = YES;
				CLANG_ENABLE_OBJC_ARC = YES;
				CLANG_ENABLE_OBJC_WEAK = YES;
				CLANG_WARN_BLOCK_CAPTURE_AUTORELEASING = YES;
				CLANG_WARN_BOOL_CONVERSION = YES;
				CLANG_WARN_COMMA = YES;
				CLANG_WARN_CONSTANT_CONVERSION = YES;
				CLANG_WARN_DEPRECATED_OBJC_IMPLEMENTATIONS = YES;
				CLANG_WARN_DIRECT_OBJC_ISA_USAGE = YES_ERROR;
				CLANG_WARN_DOCUMENTATION_COMMENTS = YES;
				CLANG_WARN_EMPTY_BODY = YES;
				CLANG_WARN_ENUM_CONVERSION = YES;
				CLANG_WARN_INFINITE_RECURSION = YES;
				CLANG_WARN_INT_CONVERSION = YES;
				CLANG_WARN_NON_LITERAL_NULL_CONVERSION = YES;
				CLANG_WARN_OBJC_IMPLICIT_RETAIN_SELF = YES;
				CLANG_WARN_OBJC_LITERAL_CONVERSION = YES;
				CLANG_WARN_OBJC_ROOT_CLASS = YES_ERROR;
				CLANG_WARN_RANGE_LOOP_ANALYSIS = YES;
				CLANG_WARN_STRICT_PROTOTYPES = YES;
				CLANG_WARN_SUSPICIOUS_MOVE = YES;
				CLANG_WARN_UNGUARDED_AVAILABILITY = YES_AGGRESSIVE;
				CLANG_WARN_UNREACHABLE_CODE = YES;
				CLANG_WARN__DUPLICATE_METHOD_MATCH = YES;
				CODE_SIGN_IDENTITY = "iPhone Developer";
				COPY_PHASE_STRIP = NO;
				DEBUG_INFORMATION_FORMAT = "dwarf-with-dsym";
				ENABLE_NS_ASSERTIONS = NO;
				ENABLE_STRICT_OBJC_MSGSEND = YES;
				GCC_C_LANGUAGE_STANDARD = gnu11;
				GCC_NO_COMMON_BLOCKS = YES;
				GCC_WARN_64_TO_32_BIT_CONVERSION = YES;
				GCC_WARN_ABOUT_RETURN_TYPE = YES_ERROR;
				GCC_WARN_UNDECLARED_SELECTOR = YES;
				GCC_WARN_UNINITIALIZED_AUTOS = YES_AGGRESSIVE;
				GCC_WARN_UNUSED_FUNCTION = YES;
				GCC_WARN_UNUSED_VARIABLE = YES;
				IPHONEOS_DEPLOYMENT_TARGET = 12.1;
				MTL_ENABLE_DEBUG_INFO = NO;
				MTL_FAST_MATH = YES;
				SDKROOT = iphoneos;
				SWIFT_COMPILATION_MODE = wholemodule;
				SWIFT_OPTIMIZATION_LEVEL = "-O";
				VALIDATE_PRODUCT = YES;
			};
			name = Release;
		};
		4F25D1AB21F4A370004E7DB4 /* Debug */ = {
			isa = XCBuildConfiguration;
			baseConfigurationReference = 2AD79F6977566D102C2CC0DF /* Pods-easyBook.debug.xcconfig */;
			buildSettings = {
				ASSETCATALOG_COMPILER_APPICON_NAME = AppIcon;
				ASSETCATALOG_COMPILER_LAUNCHIMAGE_NAME = LaunchImage;
				CLANG_ENABLE_MODULES = YES;
				CODE_SIGN_STYLE = Automatic;
				DEVELOPMENT_TEAM = Q9UGT9Q36H;
				INFOPLIST_FILE = easyBook/Info.plist;
				LD_RUNPATH_SEARCH_PATHS = (
					"$(inherited)",
					"@executable_path/Frameworks",
				);
				PRODUCT_BUNDLE_IDENTIFIER = com.SherleyHuang.easyBook;
				PRODUCT_NAME = "$(TARGET_NAME)";
				SWIFT_OBJC_BRIDGING_HEADER = "easyBook/easyBook-Bridging-Header.h";
				SWIFT_OPTIMIZATION_LEVEL = "-Onone";
				SWIFT_VERSION = 4.2;
				TARGETED_DEVICE_FAMILY = "1,2";
			};
			name = Debug;
		};
		4F25D1AC21F4A370004E7DB4 /* Release */ = {
			isa = XCBuildConfiguration;
			baseConfigurationReference = E932116BF92665CA761B5B29 /* Pods-easyBook.release.xcconfig */;
			buildSettings = {
				ASSETCATALOG_COMPILER_APPICON_NAME = AppIcon;
				ASSETCATALOG_COMPILER_LAUNCHIMAGE_NAME = LaunchImage;
				CLANG_ENABLE_MODULES = YES;
				CODE_SIGN_STYLE = Automatic;
				DEVELOPMENT_TEAM = Q9UGT9Q36H;
				INFOPLIST_FILE = easyBook/Info.plist;
				LD_RUNPATH_SEARCH_PATHS = (
					"$(inherited)",
					"@executable_path/Frameworks",
				);
				PRODUCT_BUNDLE_IDENTIFIER = com.SherleyHuang.easyBook;
				PRODUCT_NAME = "$(TARGET_NAME)";
				SWIFT_OBJC_BRIDGING_HEADER = "easyBook/easyBook-Bridging-Header.h";
				SWIFT_VERSION = 4.2;
				TARGETED_DEVICE_FAMILY = "1,2";
			};
			name = Release;
		};
/* End XCBuildConfiguration section */

/* Begin XCConfigurationList section */
		4F25D19321F4A36E004E7DB4 /* Build configuration list for PBXProject "easyBook" */ = {
			isa = XCConfigurationList;
			buildConfigurations = (
				4F25D1A821F4A370004E7DB4 /* Debug */,
				4F25D1A921F4A370004E7DB4 /* Release */,
			);
			defaultConfigurationIsVisible = 0;
			defaultConfigurationName = Release;
		};
		4F25D1AA21F4A370004E7DB4 /* Build configuration list for PBXNativeTarget "easyBook" */ = {
			isa = XCConfigurationList;
			buildConfigurations = (
				4F25D1AB21F4A370004E7DB4 /* Debug */,
				4F25D1AC21F4A370004E7DB4 /* Release */,
			);
			defaultConfigurationIsVisible = 0;
			defaultConfigurationName = Release;
		};
/* End XCConfigurationList section */
	};
	rootObject = 4F25D19021F4A36E004E7DB4 /* Project object */;
}
